schema: '2.0'
stages:
  tokenize:
    cmd: python src/data/tokenize_dataset.py
    deps:
    - path: src/data/tokenize_dataset.py
      hash: md5
      md5: 4ae60d4293641e484ddf4dfc1dee9d36
      size: 2154
    outs:
    - path: tokenized
      hash: md5
      md5: 7c11debd3663ff812e400b70b9ade2dd.dir
      size: 1004730838
      nfiles: 7
  train_model:
    cmd: python src/models/train_model.py
    deps:
    - path: src/models/train_model.py
      hash: md5
      md5: 9603ccb30ebf75de09ecb40cb6a89603
      size: 2501
    params:
      params.yaml:
        batch_size: 64
        categories:
        - fishing
        - legitimate
        epochs: 2
        loss_function: binary_crossentropy
        optimizer: adam
        tokenized_folder: artifacts/tokenized/
        trained_folder: artifacts/trained/
    outs:
    - path: artifacts/trained
      hash: md5
      md5: 4d12fc91111e4e9354a1b0df463d11d6.dir
      size: 401682
      nfiles: 1
  predict_model:
    cmd: python src/models/predict_model.py
    deps:
    - path: src/models/predict_model.py
      hash: md5
      md5: 062f2cab61f46345507621571b90b0ae
      size: 2578
    params:
      params.yaml:
        predicted_folder: artifacts/predicted/
        tokenized_folder: artifacts/tokenized/
        trained_folder: artifacts/trained/
    outs:
    - path: artifacts/predicted
      hash: md5
      md5: 6d8d8cc3362af4a6a2c80f82a927e8fd.dir
      size: 666
      nfiles: 1
  download_data:
    cmd: python src/data/download_dataset.py
    deps:
    - path: src/data/download_dataset.py
      hash: md5
      md5: 1adbf71098f0b5323145638a3147f909
      size: 294
    params:
      params.yaml:
        data_folder: data/external/
        data_folder_id: 1IufuHUEvaFgWJzmHJEogi4NEUIeV1BpJ
    outs:
    - path: data/external
      hash: md5
      md5: d9fe93cf6fe304b439f159da5d9fbf80.dir
      size: 173309276
      nfiles: 6
  tokenize_data:
    cmd: python -c "from lib_ml_group3.preprocessing import preprocess_data; preprocess_data()"
    deps:
    - path: pyproject.toml
      hash: md5
      md5: f24f4544e11bfc6ec3e5739b3490a97a
      size: 672
    params:
      params.yaml:
        data_folder: data/external/
        tokenized_folder: artifacts/tokenized/
    outs:
    - path: artifacts/tokenized
      hash: md5
      md5: 7c11debd3663ff812e400b70b9ade2dd.dir
      size: 1004730838
      nfiles: 7
